// !$*UTF8*$!
{
	archiveVersion = 1;
	classes = {
	};
	objectVersion = 55;
	objects = {

/* Begin PBXBuildFile section */
		EC3D4A942732A45F0045A460 /* Realm in Frameworks */ = {isa = PBXBuildFile; productRef = EC3D4A932732A45F0045A460 /* Realm */; };
		EC3D4A962732A45F0045A460 /* RealmSwift in Frameworks */ = {isa = PBXBuildFile; productRef = EC3D4A952732A45F0045A460 /* RealmSwift */; };
		EC3D4B112733C51F0045A460 /* SettingViewController.swift in Sources */ = {isa = PBXBuildFile; fileRef = EC3D4B102733C51F0045A460 /* SettingViewController.swift */; };
		EC3D4B132733C5290045A460 /* Setting.storyboard in Resources */ = {isa = PBXBuildFile; fileRef = EC3D4B122733C5290045A460 /* Setting.storyboard */; };
		EC3D4B162733CB2F0045A460 /* Zip in Frameworks */ = {isa = PBXBuildFile; productRef = EC3D4B152733CB2F0045A460 /* Zip */; };
		ECB303FA273259A50063C11B /* AppDelegate.swift in Sources */ = {isa = PBXBuildFile; fileRef = ECB303F9273259A50063C11B /* AppDelegate.swift */; };
		ECB303FC273259A50063C11B /* SceneDelegate.swift in Sources */ = {isa = PBXBuildFile; fileRef = ECB303FB273259A50063C11B /* SceneDelegate.swift */; };
		ECB303FE273259A50063C11B /* ViewController.swift in Sources */ = {isa = PBXBuildFile; fileRef = ECB303FD273259A50063C11B /* ViewController.swift */; };
		ECB30401273259A50063C11B /* Main.storyboard in Resources */ = {isa = PBXBuildFile; fileRef = ECB303FF273259A50063C11B /* Main.storyboard */; };
		ECB30403273259A60063C11B /* Assets.xcassets in Resources */ = {isa = PBXBuildFile; fileRef = ECB30402273259A60063C11B /* Assets.xcassets */; };
		ECB30406273259A60063C11B /* LaunchScreen.storyboard in Resources */ = {isa = PBXBuildFile; fileRef = ECB30404273259A60063C11B /* LaunchScreen.storyboard */; };
		ECB3040F27325C930063C11B /* ShoppingTableViewCell.swift in Sources */ = {isa = PBXBuildFile; fileRef = ECB3040D27325C930063C11B /* ShoppingTableViewCell.swift */; };
		ECB3041027325C930063C11B /* ShoppingTableViewCell.xib in Resources */ = {isa = PBXBuildFile; fileRef = ECB3040E27325C930063C11B /* ShoppingTableViewCell.xib */; };
		ECB3042327328C130063C11B /* RealmModel.swift in Sources */ = {isa = PBXBuildFile; fileRef = ECB3042227328C130063C11B /* RealmModel.swift */; };
/* End PBXBuildFile section */

/* Begin PBXFileReference section */
		EC3D4B102733C51F0045A460 /* SettingViewController.swift */ = {isa = PBXFileReference; lastKnownFileType = sourcecode.swift; path = SettingViewController.swift; sourceTree = "<group>"; };
		EC3D4B122733C5290045A460 /* Setting.storyboard */ = {isa = PBXFileReference; lastKnownFileType = file.storyboard; path = Setting.storyboard; sourceTree = "<group>"; };
		ECB303F6273259A50063C11B /* ShoppingList.app */ = {isa = PBXFileReference; explicitFileType = wrapper.application; includeInIndex = 0; path = ShoppingList.app; sourceTree = BUILT_PRODUCTS_DIR; };
		ECB303F9273259A50063C11B /* AppDelegate.swift */ = {isa = PBXFileReference; lastKnownFileType = sourcecode.swift; path = AppDelegate.swift; sourceTree = "<group>"; };
		ECB303FB273259A50063C11B /* SceneDelegate.swift */ = {isa = PBXFileReference; lastKnownFileType = sourcecode.swift; path = SceneDelegate.swift; sourceTree = "<group>"; };
		ECB303FD273259A50063C11B /* ViewController.swift */ = {isa = PBXFileReference; lastKnownFileType = sourcecode.swift; path = ViewController.swift; sourceTree = "<group>"; };
		ECB30400273259A50063C11B /* Base */ = {isa = PBXFileReference; lastKnownFileType = file.storyboard; name = Base; path = Base.lproj/Main.storyboard; sourceTree = "<group>"; };
		ECB30402273259A60063C11B /* Assets.xcassets */ = {isa = PBXFileReference; lastKnownFileType = folder.assetcatalog; path = Assets.xcassets; sourceTree = "<group>"; };
		ECB30405273259A60063C11B /* Base */ = {isa = PBXFileReference; lastKnownFileType = file.storyboard; name = Base; path = Base.lproj/LaunchScreen.storyboard; sourceTree = "<group>"; };
		ECB30407273259A60063C11B /* Info.plist */ = {isa = PBXFileReference; lastKnownFileType = text.plist.xml; name = Info.plist; path = ShoppingList/Info.plist; sourceTree = "<group>"; };
		ECB3040D27325C930063C11B /* ShoppingTableViewCell.swift */ = {isa = PBXFileReference; lastKnownFileType = sourcecode.swift; path = ShoppingTableViewCell.swift; sourceTree = "<group>"; };
		ECB3040E27325C930063C11B /* ShoppingTableViewCell.xib */ = {isa = PBXFileReference; lastKnownFileType = file.xib; path = ShoppingTableViewCell.xib; sourceTree = "<group>"; };
		ECB3042227328C130063C11B /* RealmModel.swift */ = {isa = PBXFileReference; lastKnownFileType = sourcecode.swift; path = RealmModel.swift; sourceTree = "<group>"; };
/* End PBXFileReference section */

/* Begin PBXFrameworksBuildPhase section */
		ECB303F3273259A50063C11B /* Frameworks */ = {
			isa = PBXFrameworksBuildPhase;
			buildActionMask = 2147483647;
			files = (
				EC3D4B162733CB2F0045A460 /* Zip in Frameworks */,
				EC3D4A962732A45F0045A460 /* RealmSwift in Frameworks */,
				EC3D4A942732A45F0045A460 /* Realm in Frameworks */,
			);
			runOnlyForDeploymentPostprocessing = 0;
		};
/* End PBXFrameworksBuildPhase section */

/* Begin PBXGroup section */
		ECB303ED273259A50063C11B = {
			isa = PBXGroup;
			children = (
				ECB303F8273259A50063C11B /* ShoppingList */,
				ECB303F7273259A50063C11B /* Products */,
			);
			sourceTree = "<group>";
		};
		ECB303F7273259A50063C11B /* Products */ = {
			isa = PBXGroup;
			children = (
				ECB303F6273259A50063C11B /* ShoppingList.app */,
			);
			name = Products;
			sourceTree = "<group>";
		};
		ECB303F8273259A50063C11B /* ShoppingList */ = {
			isa = PBXGroup;
			children = (
				ECB3041227325DE10063C11B /* Resource */,
				ECB3041127325DD90063C11B /* Source */,
				ECB30407273259A60063C11B /* Info.plist */,
			);
			name = ShoppingList;
			sourceTree = "<group>";
		};
		ECB3041127325DD90063C11B /* Source */ = {
			isa = PBXGroup;
			children = (
				ECB3042127328C080063C11B /* Realm */,
				ECB303F9273259A50063C11B /* AppDelegate.swift */,
				ECB303FB273259A50063C11B /* SceneDelegate.swift */,
				ECB3041527325DF30063C11B /* Cell */,
				ECB3041427325DEC0063C11B /* ViewController */,
			);
			path = Source;
			sourceTree = "<group>";
		};
		ECB3041227325DE10063C11B /* Resource */ = {
			isa = PBXGroup;
			children = (
				ECB30402273259A60063C11B /* Assets.xcassets */,
				ECB3041327325DE60063C11B /* Storyboard */,
			);
			path = Resource;
			sourceTree = "<group>";
		};
		ECB3041327325DE60063C11B /* Storyboard */ = {
			isa = PBXGroup;
			children = (
				ECB30404273259A60063C11B /* LaunchScreen.storyboard */,
				ECB303FF273259A50063C11B /* Main.storyboard */,
				EC3D4B122733C5290045A460 /* Setting.storyboard */,
			);
			path = Storyboard;
			sourceTree = "<group>";
		};
		ECB3041427325DEC0063C11B /* ViewController */ = {
			isa = PBXGroup;
			children = (
				ECB303FD273259A50063C11B /* ViewController.swift */,
				EC3D4B102733C51F0045A460 /* SettingViewController.swift */,
			);
			path = ViewController;
			sourceTree = "<group>";
		};
		ECB3041527325DF30063C11B /* Cell */ = {
			isa = PBXGroup;
			children = (
				ECB3040D27325C930063C11B /* ShoppingTableViewCell.swift */,
				ECB3040E27325C930063C11B /* ShoppingTableViewCell.xib */,
			);
			path = Cell;
			sourceTree = "<group>";
		};
		ECB3042127328C080063C11B /* Realm */ = {
			isa = PBXGroup;
			children = (
				ECB3042227328C130063C11B /* RealmModel.swift */,
			);
			path = Realm;
			sourceTree = "<group>";
		};
/* End PBXGroup section */

/* Begin PBXNativeTarget section */
		ECB303F5273259A50063C11B /* ShoppingList */ = {
			isa = PBXNativeTarget;
			buildConfigurationList = ECB3040A273259A60063C11B /* Build configuration list for PBXNativeTarget "ShoppingList" */;
			buildPhases = (
				ECB303F2273259A50063C11B /* Sources */,
				ECB303F3273259A50063C11B /* Frameworks */,
				ECB303F4273259A50063C11B /* Resources */,
			);
			buildRules = (
			);
			dependencies = (
			);
			name = ShoppingList;
			packageProductDependencies = (
				EC3D4A932732A45F0045A460 /* Realm */,
				EC3D4A952732A45F0045A460 /* RealmSwift */,
				EC3D4B152733CB2F0045A460 /* Zip */,
			);
			productName = ShoppingList;
			productReference = ECB303F6273259A50063C11B /* ShoppingList.app */;
			productType = "com.apple.product-type.application";
		};
/* End PBXNativeTarget section */

/* Begin PBXProject section */
		ECB303EE273259A50063C11B /* Project object */ = {
			isa = PBXProject;
			attributes = {
				BuildIndependentTargetsInParallel = 1;
				LastSwiftUpdateCheck = 1310;
				LastUpgradeCheck = 1310;
				TargetAttributes = {
					ECB303F5273259A50063C11B = {
						CreatedOnToolsVersion = 13.1;
					};
				};
			};
			buildConfigurationList = ECB303F1273259A50063C11B /* Build configuration list for PBXProject "ShoppingList" */;
			compatibilityVersion = "Xcode 13.0";
			developmentRegion = en;
			hasScannedForEncodings = 0;
			knownRegions = (
				en,
				Base,
			);
			mainGroup = ECB303ED273259A50063C11B;
			packageReferences = (
				EC3D4A922732A45F0045A460 /* XCRemoteSwiftPackageReference "realm-cocoa" */,
				EC3D4B142733CB2F0045A460 /* XCRemoteSwiftPackageReference "Zip" */,
			);
			productRefGroup = ECB303F7273259A50063C11B /* Products */;
			projectDirPath = "";
			projectRoot = "";
			targets = (
				ECB303F5273259A50063C11B /* ShoppingList */,
			);
		};
/* End PBXProject section */

/* Begin PBXResourcesBuildPhase section */
		ECB303F4273259A50063C11B /* Resources */ = {
			isa = PBXResourcesBuildPhase;
			buildActionMask = 2147483647;
			files = (
				ECB30406273259A60063C11B /* LaunchScreen.storyboard in Resources */,
				ECB3041027325C930063C11B /* ShoppingTableViewCell.xib in Resources */,
				EC3D4B132733C5290045A460 /* Setting.storyboard in Resources */,
				ECB30403273259A60063C11B /* Assets.xcassets in Resources */,
				ECB30401273259A50063C11B /* Main.storyboard in Resources */,
			);
			runOnlyForDeploymentPostprocessing = 0;
		};
/* End PBXResourcesBuildPhase section */

/* Begin PBXSourcesBuildPhase section */
		ECB303F2273259A50063C11B /* Sources */ = {
			isa = PBXSourcesBuildPhase;
			buildActionMask = 2147483647;
			files = (
				ECB303FE273259A50063C11B /* ViewController.swift in Sources */,
				ECB3040F27325C930063C11B /* ShoppingTableViewCell.swift in Sources */,
				ECB303FA273259A50063C11B /* AppDelegate.swift in Sources */,
				ECB3042327328C130063C11B /* RealmModel.swift in Sources */,
				ECB303FC273259A50063C11B /* SceneDelegate.swift in Sources */,
				EC3D4B112733C51F0045A460 /* SettingViewController.swift in Sources */,
			);
			runOnlyForDeploymentPostprocessing = 0;
		};
/* End PBXSourcesBuildPhase section */

/* Begin PBXVariantGroup section */
		ECB303FF273259A50063C11B /* Main.storyboard */ = {
			isa = PBXVariantGroup;
			children = (
				ECB30400273259A50063C11B /* Base */,
			);
			name = Main.storyboard;
			sourceTree = "<group>";
		};
		ECB30404273259A60063C11B /* LaunchScreen.storyboard */ = {
			isa = PBXVariantGroup;
			children = (
				ECB30405273259A60063C11B /* Base */,
			);
			name = LaunchScreen.storyboard;
			sourceTree = "<group>";
		};
/* End PBXVariantGroup section */

/* Begin XCBuildConfiguration section */
		ECB30408273259A60063C11B /* Debug */ = {
			isa = XCBuildConfiguration;
			buildSettings = {
				ALWAYS_SEARCH_USER_PATHS = NO;
				CLANG_ANALYZER_NONNULL = YES;
				CLANG_ANALYZER_NUMBER_OBJECT_CONVERSION = YES_AGGRESSIVE;
				CLANG_CXX_LANGUAGE_STANDARD = "gnu++17";
				CLANG_CXX_LIBRARY = "libc++";
				CLANG_ENABLE_MODULES = YES;
				CLANG_ENABLE_OBJC_ARC = YES;
				CLANG_ENABLE_OBJC_WEAK = YES;
				CLANG_WARN_BLOCK_CAPTURE_AUTORELEASING = YES;
				CLANG_WARN_BOOL_CONVERSION = YES;
				CLANG_WARN_COMMA = YES;
				CLANG_WARN_CONSTANT_CONVERSION = YES;
				CLANG_WARN_DEPRECATED_OBJC_IMPLEMENTATIONS = YES;
				CLANG_WARN_DIRECT_OBJC_ISA_USAGE = YES_ERROR;
				CLANG_WARN_DOCUMENTATION_COMMENTS = YES;
				CLANG_WARN_EMPTY_BODY = YES;
				CLANG_WARN_ENUM_CONVERSION = YES;
				CLANG_WARN_INFINITE_RECURSION = YES;
				CLANG_WARN_INT_CONVERSION = YES;
				CLANG_WARN_NON_LITERAL_NULL_CONVERSION = YES;
				CLANG_WARN_OBJC_IMPLICIT_RETAIN_SELF = YES;
				CLANG_WARN_OBJC_LITERAL_CONVERSION = YES;
				CLANG_WARN_OBJC_ROOT_CLASS = YES_ERROR;
				CLANG_WARN_QUOTED_INCLUDE_IN_FRAMEWORK_HEADER = YES;
				CLANG_WARN_RANGE_LOOP_ANALYSIS = YES;
				CLANG_WARN_STRICT_PROTOTYPES = YES;
				CLANG_WARN_SUSPICIOUS_MOVE = YES;
				CLANG_WARN_UNGUARDED_AVAILABILITY = YES_AGGRESSIVE;
				CLANG_WARN_UNREACHABLE_CODE = YES;
				CLANG_WARN__DUPLICATE_METHOD_MATCH = YES;
				COPY_PHASE_STRIP = NO;
				DEBUG_INFORMATION_FORMAT = dwarf;
				ENABLE_STRICT_OBJC_MSGSEND = YES;
				ENABLE_TESTABILITY = YES;
				GCC_C_LANGUAGE_STANDARD = gnu11;
				GCC_DYNAMIC_NO_PIC = NO;
				GCC_NO_COMMON_BLOCKS = YES;
				GCC_OPTIMIZATION_LEVEL = 0;
				GCC_PREPROCESSOR_DEFINITIONS = (
					"DEBUG=1",
					"$(inherited)",
				);
				GCC_WARN_64_TO_32_BIT_CONVERSION = YES;
				GCC_WARN_ABOUT_RETURN_TYPE = YES_ERROR;
				GCC_WARN_UNDECLARED_SELECTOR = YES;
				GCC_WARN_UNINITIALIZED_AUTOS = YES_AGGRESSIVE;
				GCC_WARN_UNUSED_FUNCTION = YES;
				GCC_WARN_UNUSED_VARIABLE = YES;
				IPHONEOS_DEPLOYMENT_TARGET = 15.0;
				MTL_ENABLE_DEBUG_INFO = INCLUDE_SOURCE;
				MTL_FAST_MATH = YES;
				ONLY_ACTIVE_ARCH = YES;
				SDKROOT = iphoneos;
				SWIFT_ACTIVE_COMPILATION_CONDITIONS = DEBUG;
				SWIFT_OPTIMIZATION_LEVEL = "-Onone";
			};
			name = Debug;
		};
		ECB30409273259A60063C11B /* Release */ = {
			isa = XCBuildConfiguration;
			buildSettings = {
				ALWAYS_SEARCH_USER_PATHS = NO;
				CLANG_ANALYZER_NONNULL = YES;
				CLANG_ANALYZER_NUMBER_OBJECT_CONVERSION = YES_AGGRESSIVE;
				CLANG_CXX_LANGUAGE_STANDARD = "gnu++17";
				CLANG_CXX_LIBRARY = "libc++";
				CLANG_ENABLE_MODULES = YES;
				CLANG_ENABLE_OBJC_ARC = YES;
				CLANG_ENABLE_OBJC_WEAK = YES;
				CLANG_WARN_BLOCK_CAPTURE_AUTORELEASING = YES;
				CLANG_WARN_BOOL_CONVERSION = YES;
				CLANG_WARN_COMMA = YES;
				CLANG_WARN_CONSTANT_CONVERSION = YES;
				CLANG_WARN_DEPRECATED_OBJC_IMPLEMENTATIONS = YES;
				CLANG_WARN_DIRECT_OBJC_ISA_USAGE = YES_ERROR;
				CLANG_WARN_DOCUMENTATION_COMMENTS = YES;
				CLANG_WARN_EMPTY_BODY = YES;
				CLANG_WARN_ENUM_CONVERSION = YES;
				CLANG_WARN_INFINITE_RECURSION = YES;
				CLANG_WARN_INT_CONVERSION = YES;
				CLANG_WARN_NON_LITERAL_NULL_CONVERSION = YES;
				CLANG_WARN_OBJC_IMPLICIT_RETAIN_SELF = YES;
				CLANG_WARN_OBJC_LITERAL_CONVERSION = YES;
				CLANG_WARN_OBJC_ROOT_CLASS = YES_ERROR;
				CLANG_WARN_QUOTED_INCLUDE_IN_FRAMEWORK_HEADER = YES;
				CLANG_WARN_RANGE_LOOP_ANALYSIS = YES;
				CLANG_WARN_STRICT_PROTOTYPES = YES;
				CLANG_WARN_SUSPICIOUS_MOVE = YES;
				CLANG_WARN_UNGUARDED_AVAILABILITY = YES_AGGRESSIVE;
				CLANG_WARN_UNREACHABLE_CODE = YES;
				CLANG_WARN__DUPLICATE_METHOD_MATCH = YES;
				COPY_PHASE_STRIP = NO;
				DEBUG_INFORMATION_FORMAT = "dwarf-with-dsym";
				ENABLE_NS_ASSERTIONS = NO;
				ENABLE_STRICT_OBJC_MSGSEND = YES;
				GCC_C_LANGUAGE_STANDARD = gnu11;
				GCC_NO_COMMON_BLOCKS = YES;
				GCC_WARN_64_TO_32_BIT_CONVERSION = YES;
				GCC_WARN_ABOUT_RETURN_TYPE = YES_ERROR;
				GCC_WARN_UNDECLARED_SELECTOR = YES;
				GCC_WARN_UNINITIALIZED_AUTOS = YES_AGGRESSIVE;
				GCC_WARN_UNUSED_FUNCTION = YES;
				GCC_WARN_UNUSED_VARIABLE = YES;
				IPHONEOS_DEPLOYMENT_TARGET = 15.0;
				MTL_ENABLE_DEBUG_INFO = NO;
				MTL_FAST_MATH = YES;
				SDKROOT = iphoneos;
				SWIFT_COMPILATION_MODE = wholemodule;
				SWIFT_OPTIMIZATION_LEVEL = "-O";
				VALIDATE_PRODUCT = YES;
			};
			name = Release;
		};
		ECB3040B273259A60063C11B /* Debug */ = {
			isa = XCBuildConfiguration;
			buildSettings = {
				ASSETCATALOG_COMPILER_APPICON_NAME = AppIcon;
				ASSETCATALOG_COMPILER_GLOBAL_ACCENT_COLOR_NAME = AccentColor;
				CODE_SIGN_STYLE = Automatic;
				CURRENT_PROJECT_VERSION = 1;
				DEVELOPMENT_TEAM = RQHZUCMHSH;
				GENERATE_INFOPLIST_FILE = YES;
				INFOPLIST_FILE = ShoppingList/Info.plist;
				INFOPLIST_KEY_UIApplicationSupportsIndirectInputEvents = YES;
				INFOPLIST_KEY_UILaunchStoryboardName = LaunchScreen;
				INFOPLIST_KEY_UIMainStoryboardFile = Main;
				INFOPLIST_KEY_UISupportedInterfaceOrientations_iPad = "UIInterfaceOrientationPortrait UIInterfaceOrientationPortraitUpsideDown UIInterfaceOrientationLandscapeLeft UIInterfaceOrientationLandscapeRight";
				INFOPLIST_KEY_UISupportedInterfaceOrientations_iPhone = "UIInterfaceOrientationPortrait UIInterfaceOrientationLandscapeLeft UIInterfaceOrientationLandscapeRight";
				LD_RUNPATH_SEARCH_PATHS = (
					"$(inherited)",
					"@executable_path/Frameworks",
				);
				MARKETING_VERSION = 1.0;
				PRODUCT_BUNDLE_IDENTIFIER = seungchan.ShoppingList;
				PRODUCT_NAME = "$(TARGET_NAME)";
				SWIFT_EMIT_LOC_STRINGS = YES;
				SWIFT_VERSION = 5.0;
				TARGETED_DEVICE_FAMILY = "1,2";
			};
			name = Debug;
		};
		ECB3040C273259A60063C11B /* Release */ = {
			isa = XCBuildConfiguration;
			buildSettings = {
				ASSETCATALOG_COMPILER_APPICON_NAME = AppIcon;
				ASSETCATALOG_COMPILER_GLOBAL_ACCENT_COLOR_NAME = AccentColor;
				CODE_SIGN_STYLE = Automatic;
				CURRENT_PROJECT_VERSION = 1;
				DEVELOPMENT_TEAM = RQHZUCMHSH;
				GENERATE_INFOPLIST_FILE = YES;
				INFOPLIST_FILE = ShoppingList/Info.plist;
				INFOPLIST_KEY_UIApplicationSupportsIndirectInputEvents = YES;
				INFOPLIST_KEY_UILaunchStoryboardName = LaunchScreen;
				INFOPLIST_KEY_UIMainStoryboardFile = Main;
				INFOPLIST_KEY_UISupportedInterfaceOrientations_iPad = "UIInterfaceOrientationPortrait UIInterfaceOrientationPortraitUpsideDown UIInterfaceOrientationLandscapeLeft UIInterfaceOrientationLandscapeRight";
				INFOPLIST_KEY_UISupportedInterfaceOrientations_iPhone = "UIInterfaceOrientationPortrait UIInterfaceOrientationLandscapeLeft UIInterfaceOrientationLandscapeRight";
				LD_RUNPATH_SEARCH_PATHS = (
					"$(inherited)",
					"@executable_path/Frameworks",
				);
				MARKETING_VERSION = 1.0;
				PRODUCT_BUNDLE_IDENTIFIER = seungchan.ShoppingList;
				PRODUCT_NAME = "$(TARGET_NAME)";
				SWIFT_EMIT_LOC_STRINGS = YES;
				SWIFT_VERSION = 5.0;
				TARGETED_DEVICE_FAMILY = "1,2";
			};
			name = Release;
		};
/* End XCBuildConfiguration section */

/* Begin XCConfigurationList section */
		ECB303F1273259A50063C11B /* Build configuration list for PBXProject "ShoppingList" */ = {
			isa = XCConfigurationList;
			buildConfigurations = (
				ECB30408273259A60063C11B /* Debug */,
				ECB30409273259A60063C11B /* Release */,
			);
			defaultConfigurationIsVisible = 0;
			defaultConfigurationName = Release;
		};
		ECB3040A273259A60063C11B /* Build configuration list for PBXNativeTarget "ShoppingList" */ = {
			isa = XCConfigurationList;
			buildConfigurations = (
				ECB3040B273259A60063C11B /* Debug */,
				ECB3040C273259A60063C11B /* Release */,
			);
			defaultConfigurationIsVisible = 0;
			defaultConfigurationName = Release;
		};
/* End XCConfigurationList section */

/* Begin XCRemoteSwiftPackageReference section */
		EC3D4A922732A45F0045A460 /* XCRemoteSwiftPackageReference "realm-cocoa" */ = {
			isa = XCRemoteSwiftPackageReference;
			repositoryURL = "https://github.com/realm/realm-cocoa.git";
			requirement = {
				branch = master;
				kind = branch;
			};
		};
		EC3D4B142733CB2F0045A460 /* XCRemoteSwiftPackageReference "Zip" */ = {
			isa = XCRemoteSwiftPackageReference;
			repositoryURL = "https://github.com/marmelroy/Zip.git";
			requirement = {
				branch = master;
				kind = branch;
			};
		};
/* End XCRemoteSwiftPackageReference section */

/* Begin XCSwiftPackageProductDependency section */
		EC3D4A932732A45F0045A460 /* Realm */ = {
			isa = XCSwiftPackageProductDependency;
			package = EC3D4A922732A45F0045A460 /* XCRemoteSwiftPackageReference "realm-cocoa" */;
			productName = Realm;
		};
		EC3D4A952732A45F0045A460 /* RealmSwift */ = {
			isa = XCSwiftPackageProductDependency;
			package = EC3D4A922732A45F0045A460 /* XCRemoteSwiftPackageReference "realm-cocoa" */;
			productName = RealmSwift;
		};
		EC3D4B152733CB2F0045A460 /* Zip */ = {
			isa = XCSwiftPackageProductDependency;
			package = EC3D4B142733CB2F0045A460 /* XCRemoteSwiftPackageReference "Zip" */;
			productName = Zip;
		};
/* End XCSwiftPackageProductDependency section */
	};
	rootObject = ECB303EE273259A50063C11B /* Project object */;
}
